
Microsoft Visual Studio Solution File, Format Version 12.00
Project("{FAE04EC0-301F-11D3-BF4B-00C04F79EFBC}") = "lab_01_test", "lab_01_test\lab_01_test.csproj", "{C69EA104-491E-494D-85F9-86175CCF19E1}"
EndProject
Global
	GlobalSection(SolutionConfigurationPlatforms) = preSolution
		Debug|Any CPU = Debug|Any CPU
		Release|Any CPU = Release|Any CPU
	EndGlobalSection
	GlobalSection(ProjectConfigurationPlatforms) = postSolution
		{C69EA104-491E-494D-85F9-86175CCF19E1}.Debug|Any CPU.ActiveCfg = Debug|Any CPU
		{C69EA104-491E-494D-85F9-86175CCF19E1}.Debug|Any CPU.Build.0 = Debug|Any CPU
		{C69EA104-491E-494D-85F9-86175CCF19E1}.Release|Any CPU.ActiveCfg = Release|Any CPU
		{C69EA104-491E-494D-85F9-86175CCF19E1}.Release|Any CPU.Build.0 = Release|Any CPU
	EndGlobalSection
EndGlobal
