
Microsoft Visual Studio Solution File, Format Version 12.00
# Visual Studio Version 17
VisualStudioVersion = 17.1.32228.430
MinimumVisualStudioVersion = 10.0.40219.1
Project("{8BC9CEB8-8B4A-11D0-8D11-00A0C91BC942}") = "lab_01", "lab_01\lab_01.vcxproj", "{A8DD750E-626B-4C4A-9498-26696F78F7FF}"
EndProject
Project("{8BC9CEB8-8B4A-11D0-8D11-00A0C91BC942}") = "lab_02", "lab_02\lab_02.vcxproj", "{EA687B91-3FC9-4F27-AC19-50B855D23D21}"
EndProject
Project("{8BC9CEB8-8B4A-11D0-8D11-00A0C91BC942}") = "lab_03", "lab_03\lab_03.vcxproj", "{D5CF7D76-EA3E-4CEB-B945-A0943C1DE0AC}"
EndProject
Global
	GlobalSection(SolutionConfigurationPlatforms) = preSolution
		Debug|x64 = Debug|x64
		Debug|x86 = Debug|x86
		Release|x64 = Release|x64
		Release|x86 = Release|x86
	EndGlobalSection
	GlobalSection(ProjectConfigurationPlatforms) = postSolution
		{A8DD750E-626B-4C4A-9498-26696F78F7FF}.Debug|x64.ActiveCfg = Debug|x64
		{A8DD750E-626B-4C4A-9498-26696F78F7FF}.Debug|x64.Build.0 = Debug|x64
		{A8DD750E-626B-4C4A-9498-26696F78F7FF}.Debug|x86.ActiveCfg = Debug|Win32
		{A8DD750E-626B-4C4A-9498-26696F78F7FF}.Debug|x86.Build.0 = Debug|Win32
		{A8DD750E-626B-4C4A-9498-26696F78F7FF}.Release|x64.ActiveCfg = Release|x64
		{A8DD750E-626B-4C4A-9498-26696F78F7FF}.Release|x64.Build.0 = Release|x64
		{A8DD750E-626B-4C4A-9498-26696F78F7FF}.Release|x86.ActiveCfg = Release|Win32
		{A8DD750E-626B-4C4A-9498-26696F78F7FF}.Release|x86.Build.0 = Release|Win32
		{EA687B91-3FC9-4F27-AC19-50B855D23D21}.Debug|x64.ActiveCfg = Debug|x64
		{EA687B91-3FC9-4F27-AC19-50B855D23D21}.Debug|x64.Build.0 = Debug|x64
		{EA687B91-3FC9-4F27-AC19-50B855D23D21}.Debug|x86.ActiveCfg = Debug|Win32
		{EA687B91-3FC9-4F27-AC19-50B855D23D21}.Debug|x86.Build.0 = Debug|Win32
		{EA687B91-3FC9-4F27-AC19-50B855D23D21}.Release|x64.ActiveCfg = Release|x64
		{EA687B91-3FC9-4F27-AC19-50B855D23D21}.Release|x64.Build.0 = Release|x64
		{EA687B91-3FC9-4F27-AC19-50B855D23D21}.Release|x86.ActiveCfg = Release|Win32
		{EA687B91-3FC9-4F27-AC19-50B855D23D21}.Release|x86.Build.0 = Release|Win32
		{D5CF7D76-EA3E-4CEB-B945-A0943C1DE0AC}.Debug|x64.ActiveCfg = Debug|x64
		{D5CF7D76-EA3E-4CEB-B945-A0943C1DE0AC}.Debug|x64.Build.0 = Debug|x64
		{D5CF7D76-EA3E-4CEB-B945-A0943C1DE0AC}.Debug|x86.ActiveCfg = Debug|Win32
		{D5CF7D76-EA3E-4CEB-B945-A0943C1DE0AC}.Debug|x86.Build.0 = Debug|Win32
		{D5CF7D76-EA3E-4CEB-B945-A0943C1DE0AC}.Release|x64.ActiveCfg = Release|x64
		{D5CF7D76-EA3E-4CEB-B945-A0943C1DE0AC}.Release|x64.Build.0 = Release|x64
		{D5CF7D76-EA3E-4CEB-B945-A0943C1DE0AC}.Release|x86.ActiveCfg = Release|Win32
		{D5CF7D76-EA3E-4CEB-B945-A0943C1DE0AC}.Release|x86.Build.0 = Release|Win32
	EndGlobalSection
	GlobalSection(SolutionProperties) = preSolution
		HideSolutionNode = FALSE
	EndGlobalSection
	GlobalSection(ExtensibilityGlobals) = postSolution
		SolutionGuid = {FE56E696-1144-420F-BF4A-035F4A060829}
	EndGlobalSection
EndGlobal
