
Microsoft Visual Studio Solution File, Format Version 12.00
Project("{FAE04EC0-301F-11D3-BF4B-00C04F79EFBC}") = "lab_02", "lab_02\lab_02.csproj", "{EE7D0B4A-D04A-4D13-B928-420F4F47BAC0}"
EndProject
Global
	GlobalSection(SolutionConfigurationPlatforms) = preSolution
		Debug|Any CPU = Debug|Any CPU
		Release|Any CPU = Release|Any CPU
	EndGlobalSection
	GlobalSection(ProjectConfigurationPlatforms) = postSolution
		{EE7D0B4A-D04A-4D13-B928-420F4F47BAC0}.Debug|Any CPU.ActiveCfg = Debug|Any CPU
		{EE7D0B4A-D04A-4D13-B928-420F4F47BAC0}.Debug|Any CPU.Build.0 = Debug|Any CPU
		{EE7D0B4A-D04A-4D13-B928-420F4F47BAC0}.Release|Any CPU.ActiveCfg = Release|Any CPU
		{EE7D0B4A-D04A-4D13-B928-420F4F47BAC0}.Release|Any CPU.Build.0 = Release|Any CPU
	EndGlobalSection
EndGlobal
