
Microsoft Visual Studio Solution File, Format Version 12.00
Project("{FAE04EC0-301F-11D3-BF4B-00C04F79EFBC}") = "lab_01", "lab_01\lab_01.csproj", "{E96E6685-A293-4E44-96B9-806A0F7832DB}"
EndProject
Project("{FAE04EC0-301F-11D3-BF4B-00C04F79EFBC}") = "lab_02", "lab_02\lab_02.csproj", "{B6A2A460-2CC5-4672-B3A2-F6315F20C8BF}"
EndProject
Project("{FAE04EC0-301F-11D3-BF4B-00C04F79EFBC}") = "lab_03", "lab_03\lab_03.csproj", "{23EF9C7A-BAAF-408D-A2F9-B9D1302B06AA}"
EndProject
Project("{FAE04EC0-301F-11D3-BF4B-00C04F79EFBC}") = "lab_04", "lab_04\lab_04.csproj", "{F814C207-F6B2-4F43-820E-59EF9F932E7D}"
EndProject
Project("{FAE04EC0-301F-11D3-BF4B-00C04F79EFBC}") = "lab_05", "lab_05\lab_05.csproj", "{5EDD030B-1615-4F4B-AC58-D527965C848E}"
EndProject
Project("{FAE04EC0-301F-11D3-BF4B-00C04F79EFBC}") = "lab_06", "lab_06\lab_06.csproj", "{AE10232B-BD3F-47FB-8BF1-45AF0F02D025}"
EndProject
Project("{FAE04EC0-301F-11D3-BF4B-00C04F79EFBC}") = "lab_07", "lab_07\lab_07.csproj", "{40F4A9E7-D71D-40D4-B358-A4144821D36F}"
EndProject
Project("{FAE04EC0-301F-11D3-BF4B-00C04F79EFBC}") = "lab_08", "lab_08\lab_08.csproj", "{281B9A34-ABDC-4254-99DA-0A964BD2EFFB}"
EndProject
Project("{FAE04EC0-301F-11D3-BF4B-00C04F79EFBC}") = "exam", "exam\exam.csproj", "{D686A299-A087-4A7C-A0CD-479E3D676DA5}"
EndProject
Global
	GlobalSection(SolutionConfigurationPlatforms) = preSolution
		Debug|Any CPU = Debug|Any CPU
		Release|Any CPU = Release|Any CPU
	EndGlobalSection
	GlobalSection(ProjectConfigurationPlatforms) = postSolution
		{E96E6685-A293-4E44-96B9-806A0F7832DB}.Debug|Any CPU.ActiveCfg = Debug|Any CPU
		{E96E6685-A293-4E44-96B9-806A0F7832DB}.Debug|Any CPU.Build.0 = Debug|Any CPU
		{E96E6685-A293-4E44-96B9-806A0F7832DB}.Release|Any CPU.ActiveCfg = Release|Any CPU
		{E96E6685-A293-4E44-96B9-806A0F7832DB}.Release|Any CPU.Build.0 = Release|Any CPU
		{B6A2A460-2CC5-4672-B3A2-F6315F20C8BF}.Debug|Any CPU.ActiveCfg = Debug|Any CPU
		{B6A2A460-2CC5-4672-B3A2-F6315F20C8BF}.Debug|Any CPU.Build.0 = Debug|Any CPU
		{B6A2A460-2CC5-4672-B3A2-F6315F20C8BF}.Release|Any CPU.ActiveCfg = Release|Any CPU
		{B6A2A460-2CC5-4672-B3A2-F6315F20C8BF}.Release|Any CPU.Build.0 = Release|Any CPU
		{23EF9C7A-BAAF-408D-A2F9-B9D1302B06AA}.Debug|Any CPU.ActiveCfg = Debug|Any CPU
		{23EF9C7A-BAAF-408D-A2F9-B9D1302B06AA}.Debug|Any CPU.Build.0 = Debug|Any CPU
		{23EF9C7A-BAAF-408D-A2F9-B9D1302B06AA}.Release|Any CPU.ActiveCfg = Release|Any CPU
		{23EF9C7A-BAAF-408D-A2F9-B9D1302B06AA}.Release|Any CPU.Build.0 = Release|Any CPU
		{F814C207-F6B2-4F43-820E-59EF9F932E7D}.Debug|Any CPU.ActiveCfg = Debug|Any CPU
		{F814C207-F6B2-4F43-820E-59EF9F932E7D}.Debug|Any CPU.Build.0 = Debug|Any CPU
		{F814C207-F6B2-4F43-820E-59EF9F932E7D}.Release|Any CPU.ActiveCfg = Release|Any CPU
		{F814C207-F6B2-4F43-820E-59EF9F932E7D}.Release|Any CPU.Build.0 = Release|Any CPU
		{5EDD030B-1615-4F4B-AC58-D527965C848E}.Debug|Any CPU.ActiveCfg = Debug|Any CPU
		{5EDD030B-1615-4F4B-AC58-D527965C848E}.Debug|Any CPU.Build.0 = Debug|Any CPU
		{5EDD030B-1615-4F4B-AC58-D527965C848E}.Release|Any CPU.ActiveCfg = Release|Any CPU
		{5EDD030B-1615-4F4B-AC58-D527965C848E}.Release|Any CPU.Build.0 = Release|Any CPU
		{AE10232B-BD3F-47FB-8BF1-45AF0F02D025}.Debug|Any CPU.ActiveCfg = Debug|Any CPU
		{AE10232B-BD3F-47FB-8BF1-45AF0F02D025}.Debug|Any CPU.Build.0 = Debug|Any CPU
		{AE10232B-BD3F-47FB-8BF1-45AF0F02D025}.Release|Any CPU.ActiveCfg = Release|Any CPU
		{AE10232B-BD3F-47FB-8BF1-45AF0F02D025}.Release|Any CPU.Build.0 = Release|Any CPU
		{40F4A9E7-D71D-40D4-B358-A4144821D36F}.Debug|Any CPU.ActiveCfg = Debug|Any CPU
		{40F4A9E7-D71D-40D4-B358-A4144821D36F}.Debug|Any CPU.Build.0 = Debug|Any CPU
		{40F4A9E7-D71D-40D4-B358-A4144821D36F}.Release|Any CPU.ActiveCfg = Release|Any CPU
		{40F4A9E7-D71D-40D4-B358-A4144821D36F}.Release|Any CPU.Build.0 = Release|Any CPU
		{281B9A34-ABDC-4254-99DA-0A964BD2EFFB}.Debug|Any CPU.ActiveCfg = Debug|Any CPU
		{281B9A34-ABDC-4254-99DA-0A964BD2EFFB}.Debug|Any CPU.Build.0 = Debug|Any CPU
		{281B9A34-ABDC-4254-99DA-0A964BD2EFFB}.Release|Any CPU.ActiveCfg = Release|Any CPU
		{281B9A34-ABDC-4254-99DA-0A964BD2EFFB}.Release|Any CPU.Build.0 = Release|Any CPU
		{D686A299-A087-4A7C-A0CD-479E3D676DA5}.Debug|Any CPU.ActiveCfg = Debug|Any CPU
		{D686A299-A087-4A7C-A0CD-479E3D676DA5}.Debug|Any CPU.Build.0 = Debug|Any CPU
		{D686A299-A087-4A7C-A0CD-479E3D676DA5}.Release|Any CPU.ActiveCfg = Release|Any CPU
		{D686A299-A087-4A7C-A0CD-479E3D676DA5}.Release|Any CPU.Build.0 = Release|Any CPU
	EndGlobalSection
EndGlobal
